{
    "_meta": {
        "hash": {
            "sha256": "b84a8ccd56da68197d514d8f376dab2bf12d03e32d88dbad7e587ca762dc66ff"
        },
        "host-environment-markers": {
            "implementation_name": "cpython",
            "implementation_version": "3.6.2",
            "os_name": "posix",
            "platform_machine": "x86_64",
            "platform_python_implementation": "CPython",
            "platform_release": "16.7.0",
            "platform_system": "Darwin",
            "platform_version": "Darwin Kernel Version 16.7.0: Thu Jun 15 17:36:27 PDT 2017; root:xnu-3789.70.16~2/RELEASE_X86_64",
            "python_full_version": "3.6.2",
            "python_version": "3.6",
            "sys_platform": "darwin"
        },
        "pipfile-spec": 6,
        "requires": {
            "python_version": "3.6"
        },
        "sources": [
            {
                "name": "pypi",
                "url": "https://pypi.python.org/simple",
                "verify_ssl": true
            }
        ]
    },
    "default": {
        "airbnb": {
            "hashes": [
                "sha256:aa5b671fc1ffab53cafddaccb6d13082232f33eda938982d8ce4917cfc676b7f"
            ],
            "version": "==2.0.9"
        },
        "argcomplete": {
            "hashes": [
                "sha256:74e34bbd5bcb902e67a39e2edf1b1ef3dcb504a6a1d4cd23ce3949f25c4aad55",
                "sha256:d6ea272a93bb0387f758def836e73c36fff0c54170258c212de3e84f7db8d5ed"
            ],
            "version": "==1.9.2"
        },
        "arrow": {
            "hashes": [
                "sha256:805906f09445afc1f0fc80187db8fe07670e3b25cdafa09b8d8ac264a8c0c722"
            ],
            "version": "==0.10.0"
        },
        "base58": {
            "hashes": [
                "sha256:aafdd84adf1fbd073eb2fd7f7266d7bd9f2423ee1000ee61cd021b97ed359f39",
                "sha256:97cb4dcbc7a81afb802f41033d5562b6c48633426a67bf41e4cad186f581158c"
            ],
            "version": "==0.2.4"
        },
        "binaryornot": {
            "hashes": [
                "sha256:b8b71173c917bddcd2c16070412e369c3ed7f0528926f70cac18a6c97fd563e4",
                "sha256:359501dfc9d40632edc9fac890e19542db1a287bbcfa58175b66658392018061"
            ],
            "version": "==0.4.4"
        },
        "boto3": {
            "hashes": [
                "sha256:38057b066990172ce6ebbf2a5e046a545503793581fcf14cab0e3821c6112eb0",
                "sha256:f79f77dca2280f7780f39d72a5088f4cf2b626c0921e7185ed6ac17abfdd7e6c"
            ],
            "version": "==1.4.7"
        },
        "botocore": {
            "hashes": [
                "sha256:aa597859031829b576071d4fd9bf5032df0b0d0ad78ad26e172d5bfae509a79c",
                "sha256:63de72105f91a78095e1056375283dfb6fa91c703c63e9ffa8124620ed6fd013"
            ],
            "version": "==1.7.14"
        },
        "certifi": {
            "hashes": [
                "sha256:54a07c09c586b0e4c619f02a5e94e36619da8e2b053e20f594348c0611803704",
                "sha256:40523d2efb60523e113b44602298f0960e900388cf3bb6043f645cf57ea9e3f5"
            ],
            "version": "==2017.7.27.1"
        },
        "chardet": {
            "hashes": [
                "sha256:fc323ffcaeaed0e0a02bf4d117757b98aed530d9ed4531e3e15460124c106691",
                "sha256:84ab92ed1c4d4f16916e05906b6b75a6c0fb5db821cc65e70cbd64a3e2a5eaae"
            ],
            "version": "==3.0.4"
        },
        "click": {
            "hashes": [
                "sha256:29f99fc6125fbc931b758dc053b3114e55c77a6e4c6c3a2674a2dc986016381d",
                "sha256:f15516df478d5a56180fbf80e68f206010e6d160fc39fa508b65e035fd75130b"
            ],
            "version": "==6.7"
        },
        "cookiecutter": {
            "hashes": [
                "sha256:7d95c48717c725580b4ea6d80a7256479990ab8309003e60695ea1877c296fc9",
                "sha256:3fcb10dbfe4da02bf779a88f96109c1a28ff68f42d87587788f841735820249c"
            ],
            "version": "==1.5.1"
        },
        "docutils": {
            "hashes": [
                "sha256:7a4bd47eaf6596e1295ecb11361139febe29b084a87bf005bf899f9a42edc3c6",
                "sha256:02aec4bd92ab067f6ff27a38a38a41173bf01bed8f89157768c1573f53e474a6",
                "sha256:51e64ef2ebfb29cae1faa133b3710143496eca21c530f3f71424d77687764274"
            ],
            "version": "==0.14"
        },
        "durationpy": {
            "hashes": [
                "sha256:5ef9416b527b50d722f34655becfb75e49228eb82f87b855ed1911b3314b5408"
            ],
            "version": "==0.5"
        },
        "flask": {
            "hashes": [
                "sha256:0749df235e3ff61ac108f69ac178c9770caeaccad2509cb762ce1f65570a8856",
                "sha256:49f44461237b69ecd901cc7ce66feea0319b9158743dd27a2899962ab214dac1"
            ],
            "version": "==0.12.2"
        },
        "flask-graphql": {
            "hashes": [
                "sha256:84be72d6b0f81dc0fb9d2177fc0222a885f85d84da4ce755972ca16be413b7bc"
            ],
            "version": "==1.4.1"
        },
        "future": {
            "hashes": [
                "sha256:e39ced1ab767b5936646cedba8bcce582398233d6a627067d4c6a454c90cfedb"
            ],
            "version": "==0.16.0"
        },
        "futures": {
            "hashes": [
                "sha256:c4884a65654a7c45435063e14ae85280eb1f111d94e542396717ba9828c4337f",
                "sha256:51ecb45f0add83c806c68e4b06106f90db260585b25ef2abfcda0bd95c0132fd"
            ],
            "version": "==3.1.1"
        },
        "graphene": {
            "hashes": [
                "sha256:36134e026ec987514b240b57e3b6a995d6aed0fc5dece0567e77d5aed0ad0ece"
            ],
            "version": "==1.4.1"
        },
        "graphql-core": {
            "hashes": [
                "sha256:63bb8593aeeadb0a53e14207b910027fe51158d017927fad87326dac806185ee"
            ],
            "version": "==1.1"
        },
        "graphql-relay": {
            "hashes": [
                "sha256:2716b7245d97091af21abf096fabafac576905096d21ba7118fba722596f65db"
            ],
            "version": "==0.4.5"
        },
        "hjson": {
            "hashes": [
                "sha256:9cf8b36292b77c13ef05a497eb15737e7ddc301b5885ad6346a01f34c0f99dd7"
            ],
            "version": "==3.0.0"
        },
        "idna": {
            "hashes": [
                "sha256:8c7309c718f94b3a625cb648ace320157ad16ff131ae0af362c9f21b80ef6ec4",
                "sha256:2c6a5de3089009e3da7c5dde64a141dbc8551d5b7f6cf4ed7c2568d0cc520a8f"
            ],
            "version": "==2.6"
        },
        "itsdangerous": {
            "hashes": [
                "sha256:cbb3fcf8d3e33df861709ecaf89d9e6629cff0a217bc2848f1b41cd30d360519"
            ],
            "version": "==0.24"
        },
        "jinja2": {
            "hashes": [
                "sha256:2231bace0dfd8d2bf1e5d7e41239c06c9e0ded46e70cc1094a0aa64b0afeb054",
                "sha256:ddaa01a212cd6d641401cb01b605f4a4d9f37bfc93043d7f760ec70fb99ff9ff"
            ],
            "version": "==2.9.6"
        },
        "jinja2-time": {
            "hashes": [
                "sha256:d3eab6605e3ec8b7a0863df09cc1d23714908fa61aa6986a845c20ba488b4efa",
                "sha256:d14eaa4d315e7688daa4969f616f226614350c48730bfa1692d2caebd8c90d40"
            ],
            "version": "==0.2.0"
        },
        "jmespath": {
            "hashes": [
                "sha256:f11b4461f425740a1d908e9a3f7365c3d2e569f6ca68a2ff8bc5bcd9676edd63",
                "sha256:6a81d4c9aa62caf061cb517b4d9ad1dd300374cd4706997aff9cd6aedd61fc64"
            ],
            "version": "==0.9.3"
        },
        "kappa": {
            "hashes": [
                "sha256:4d6b7b3accce4a0aaaac92b36237a6304f0f2fffbbe3caea3f7c9f52d12c9989",
                "sha256:4b5b372872f25d619e427e04282551048dc975a107385b076b3ffc6406a15833"
            ],
            "version": "==0.6.0"
        },
        "lambda-packages": {
            "hashes": [
                "sha256:28b407c21dd8a82975d0c01ba6f4aa60022e516eabcfa708a50739a8ef5d0815"
            ],
            "version": "==0.16.1"
        },
        "markupsafe": {
            "hashes": [
                "sha256:a6be69091dac236ea9c6bc7d012beab42010fa914c459791d627dad4910eb665"
            ],
            "version": "==1.0"
        },
        "placebo": {
            "hashes": [
                "sha256:8aa848b892924786fa5e37e75524e8ec039b7d54860d35c51ffb4ed3e30590c5"
            ],
            "version": "==0.8.1"
        },
        "poyo": {
            "hashes": [
                "sha256:230ec11c2f35a23410c1f0e474f09fa4e203686f40ab3adca7b039c845d8c325",
                "sha256:103b4ee3e1c7765098fe1cabe43f828db2e2a6079646561a2117e1a809f352d6"
            ],
            "version": "==0.4.1"
        },
        "promise": {
            "hashes": [
                "sha256:f6ac7ec189bfb14ab8987f211db85fa8147fe13ca5d2a8c15926307d8948c082"
            ],
            "version": "==2.0.2"
        },
        "python-dateutil": {
            "hashes": [
                "sha256:95511bae634d69bc7329ba55e646499a842bc4ec342ad54a8cdb65645a0aad3c",
                "sha256:891c38b2a02f5bb1be3e4793866c8df49c7d19baabf9c1bad62547e0b4866aca"
            ],
            "version": "==2.6.1"
        },
        "python-slugify": {
            "hashes": [
                "sha256:c3733135d3b184196fdb8844f6a74bbfb9cf6720d1dcce3254bdc434353f938f",
                "sha256:57a385df7a1c6dbd15f7666eaff0ff29d3f60363b228b1197c5308ed3ba5f824"
            ],
            "version": "==1.2.4"
        },
        "pyyaml": {
            "hashes": [
                "sha256:3262c96a1ca437e7e4763e2843746588a965426550f3797a79fca9c6199c431f",
                "sha256:16b20e970597e051997d90dc2cddc713a2876c47e3d92d59ee198700c5427736",
                "sha256:e863072cdf4c72eebf179342c94e6989c67185842d9997960b3e69290b2fa269",
                "sha256:bc6bced57f826ca7cb5125a10b23fd0f2fff3b7c4701d64c439a300ce665fff8",
                "sha256:c01b880ec30b5a6e6aa67b09a2fe3fb30473008c85cd6a67359a1b15ed6d83a4",
                "sha256:827dc04b8fa7d07c44de11fabbc888e627fa8293b695e0f99cb544fdfa1bf0d1",
                "sha256:592766c6303207a20efc445587778322d7f73b161bd994f227adaa341ba212ab",
                "sha256:5f84523c076ad14ff5e6c037fe1c89a7f73a3e04cf0377cb4d017014976433f3",
                "sha256:0c507b7f74b3d2dd4d1322ec8a94794927305ab4cebbe89cc47fe5e81541e6e8",
                "sha256:b4c423ab23291d3945ac61346feeb9a0dc4184999ede5e7c43e1ffb975130ae6",
                "sha256:ca233c64c6e40eaa6c66ef97058cdc80e8d0157a443655baa1b2966e812807ca",
                "sha256:4474f8ea030b5127225b8894d626bb66c01cda098d47a2b0d3429b6700af9fd8",
                "sha256:326420cbb492172dec84b0f65c80942de6cedb5233c413dd824483989c000608",
                "sha256:5ac82e411044fb129bae5cfbeb3ba626acb2af31a8d17d175004b70862a741a7"
            ],
            "version": "==3.12"
        },
        "requests": {
            "hashes": [
                "sha256:6a1b267aa90cac58ac3a765d067950e7dbbf75b1da07e895d1f594193a40a38b",
                "sha256:9c443e7324ba5b85070c4a818ade28bfabedf16ea10206da1132edaa6dda237e"
            ],
            "version": "==2.18.4"
        },
        "s3transfer": {
            "hashes": [
                "sha256:c7b16f4cca5acd2bd57ac9623bfba3fece047247392893506d0d2e6f25620eb3",
                "sha256:76f1f58f4a47e2c8afa135e2c76958806a3abbc42b721d87fd9d11409c75d979"
            ],
            "version": "==0.1.11"
        },
        "six": {
            "hashes": [
                "sha256:832dc0e10feb1aa2c68dcc57dbb658f1c7e65b9b61af69048abc87a2db00a0eb",
                "sha256:70e8a77beed4562e7f14fe23a786b54f6296e34344c23bc42f07b15018ff98e9"
            ],
            "version": "==1.11.0"
        },
        "toml": {
            "hashes": [
                "sha256:b3953bffe848ad9a6d554114d82f2dcb3e23945e90b4d9addc9956f37f336594"
            ],
            "version": "==0.9.2"
        },
        "tqdm": {
            "hashes": [
                "sha256:9f019dcbec25b5b4cb1bbf43e5c346e0d6a001fe4f598d70283d379e5314e202",
                "sha256:6ec1dc74efacf2cda936b4a6cf4082ce224c76763bdec9f17e437c8cfcaa9953"
            ],
            "version": "==4.15.0"
        },
        "troposphere": {
            "hashes": [
                "sha256:384ea47fd20e8a84eacad82185c61d649ea3b95876a36dafdb34e04e7c31714d"
            ],
            "version": "==1.9.6"
        },
        "typing": {
            "hashes": [
                "sha256:349b1f9c109c84b53ac79ac1d822eaa68fc91d63b321bd9392df15098f746f53",
                "sha256:63a8255fe7c6269916baa440eb9b6a67139b0b97a01af632e7bd2842e1e02f15",
                "sha256:d514bd84b284dd3e844f0305ac07511f097e325171f6cc4a20878d11ad771849"
            ],
            "version": "==3.6.2"
        },
        "unidecode": {
            "hashes": [
                "sha256:61f807220eda0203a774a09f84b4304a3f93b5944110cc132af29ddb81366883",
                "sha256:280a6ab88e1f2eb5af79edff450021a0d3f0448952847cd79677e55e58bad051"
            ],
            "version": "==0.4.21"
        },
        "urllib3": {
            "hashes": [
                "sha256:06330f386d6e4b195fbfc736b297f58c5a892e4440e54d294d7004e3a9bbea1b",
                "sha256:cc44da8e1145637334317feebd728bd869a35285b93cbb4cca2577da7e62db4f"
            ],
            "version": "==1.22"
        },
        "werkzeug": {
            "hashes": [
                "sha256:7fce5d96278e9e4132fd0e90ff17d2bcc6e74695d11e619ba4645c0341396810",
                "sha256:f007848ed997101cb5c09a47e46c0b0b6f193d0f8a01cd2af920d77bf1ab4e68"
            ],
            "version": "==0.12"
        },
        "wheel": {
            "hashes": [
                "sha256:e721e53864f084f956f40f96124a74da0631ac13fbbd1ba99e8e2b5e9cafdf64",
                "sha256:9515fe0a94e823fd90b08d22de45d7bde57c90edce705b22f5e1ecf7e1b653c8"
            ],
            "version": "==0.30.0"
        },
        "whichcraft": {
            "hashes": [
                "sha256:cd0e10b58960ab877d9f273cd28788730936c3cdaceec2dafad97c7cf3067d46",
                "sha256:9e0d51c9387cb7e9f28b7edb549e6a03da758f7784f991eb4397d7f7808c57fd"
            ],
            "version": "==0.4.1"
        },
        "wsgi-request-logger": {
            "hashes": [
                "sha256:445d7ec52799562f812006394d0b4a7064b37084c6ea6bd74ea7a2136c97ed83"
            ],
            "version": "==0.4.6"
        },
        "zappa": {
            "hashes": [
                "sha256:70c81926f7a57257038ad09144558dfacf7145cf3e21cd3703f3a2f36cba335f",
                "sha256:c646a47c3648c3fe085b8d83bb362b5af1cc7a82234cb339137538003f0b4efb"
            ],
            "version": "==0.44.3"
        }
    },
    "develop": {}
}
